Microsoft Visual Studio Solution File, Format Version 11.00
# Visual Studio 2008

Project("{93FE1F7C-5CA2-E09A-F063-ACA96D0625CC}") = "Isometric", "Assembly-CSharp-firstpass.csproj", "{5D312033-B162-CC3D-B3EC-C2435B583D06}"
EndProject
Project("{93FE1F7C-5CA2-E09A-F063-ACA96D0625CC}") = "Isometric", "Assembly-CSharp.csproj", "{42604028-A4AB-8527-1931-54DE164C1A7D}"
EndProject
Global
	GlobalSection(SolutionConfigurationPlatforms) = preSolution
		Debug|Any CPU = Debug|Any CPU
		Release|Any CPU = Release|Any CPU
	EndGlobalSection
	GlobalSection(ProjectConfigurationPlatforms) = postSolution
		{5D312033-B162-CC3D-B3EC-C2435B583D06}.Debug|Any CPU.ActiveCfg = Debug|Any CPU
		{5D312033-B162-CC3D-B3EC-C2435B583D06}.Debug|Any CPU.Build.0 = Debug|Any CPU
		{5D312033-B162-CC3D-B3EC-C2435B583D06}.Release|Any CPU.ActiveCfg = Release|Any CPU
		{5D312033-B162-CC3D-B3EC-C2435B583D06}.Release|Any CPU.Build.0 = Release|Any CPU
		{42604028-A4AB-8527-1931-54DE164C1A7D}.Debug|Any CPU.ActiveCfg = Debug|Any CPU
		{42604028-A4AB-8527-1931-54DE164C1A7D}.Debug|Any CPU.Build.0 = Debug|Any CPU
		{42604028-A4AB-8527-1931-54DE164C1A7D}.Release|Any CPU.ActiveCfg = Release|Any CPU
		{42604028-A4AB-8527-1931-54DE164C1A7D}.Release|Any CPU.Build.0 = Release|Any CPU
	EndGlobalSection
	GlobalSection(SolutionProperties) = preSolution
		HideSolutionNode = FALSE
	EndGlobalSection
																						GlobalSection(MonoDevelopProperties) = preSolution
		StartupItem = Assembly-CSharp.csproj
		Policies = $0
		$0.TextStylePolicy = $1
		$1.inheritsSet = null
		$1.scope = text/x-csharp
		$0.CSharpFormattingPolicy = $2
		$2.inheritsSet = Mono
		$2.inheritsScope = text/x-csharp
		$2.scope = text/x-csharp
		$0.TextStylePolicy = $3
		$3.FileWidth = 120
		$3.TabWidth = 4
		$3.IndentWidth = 4
		$3.EolMarker = Unix
		$3.inheritsSet = Mono
		$3.inheritsScope = text/plain
		$3.scope = text/plain
	EndGlobalSection

EndGlobal
